
Microsoft Visual Studio Solution File, Format Version 12.00
# Visual Studio Version 17
VisualStudioVersion = 17.7.34031.279
MinimumVisualStudioVersion = 10.0.40219.1
Project("{FAE04EC0-301F-11D3-BF4B-00C04F79EFBC}") = "Futuristic", "Futuristic.csproj", "{29CA08CE-5134-4FDF-9040-4E4CED9F1F78}"
EndProject
Global
	GlobalSection(SolutionConfigurationPlatforms) = preSolution
		Debug|Any CPU = Debug|Any CPU
		Release|Any CPU = Release|Any CPU
	EndGlobalSection
	GlobalSection(ProjectConfigurationPlatforms) = postSolution
		{29CA08CE-5134-4FDF-9040-4E4CED9F1F78}.Debug|Any CPU.ActiveCfg = Debug|Any CPU
		{29CA08CE-5134-4FDF-9040-4E4CED9F1F78}.Debug|Any CPU.Build.0 = Debug|Any CPU
		{29CA08CE-5134-4FDF-9040-4E4CED9F1F78}.Release|Any CPU.ActiveCfg = Release|Any CPU
		{29CA08CE-5134-4FDF-9040-4E4CED9F1F78}.Release|Any CPU.Build.0 = Release|Any CPU
	EndGlobalSection
	GlobalSection(SolutionProperties) = preSolution
		HideSolutionNode = FALSE
	EndGlobalSection
	GlobalSection(ExtensibilityGlobals) = postSolution
		SolutionGuid = {FAA5DBDD-36AB-4437-8373-ABF781353B48}
	EndGlobalSection
EndGlobal
